
Microsoft Visual Studio Solution File, Format Version 12.00
# Visual Studio 15
VisualStudioVersion = 15.0.27428.1
MinimumVisualStudioVersion = 10.0.40219.1
Project("{FAE04EC0-301F-11D3-BF4B-00C04F79EFBC}") = "Trash", "Trash\Trash.csproj", "{D01D67EA-C042-4CE0-9B0E-8E0DDC9F5DAD}"
EndProject
Global
	GlobalSection(SolutionConfigurationPlatforms) = preSolution
		Debug|Any CPU = Debug|Any CPU
		Release|Any CPU = Release|Any CPU
	EndGlobalSection
	GlobalSection(ProjectConfigurationPlatforms) = postSolution
		{D01D67EA-C042-4CE0-9B0E-8E0DDC9F5DAD}.Debug|Any CPU.ActiveCfg = Debug|Any CPU
		{D01D67EA-C042-4CE0-9B0E-8E0DDC9F5DAD}.Debug|Any CPU.Build.0 = Debug|Any CPU
		{D01D67EA-C042-4CE0-9B0E-8E0DDC9F5DAD}.Release|Any CPU.ActiveCfg = Release|Any CPU
		{D01D67EA-C042-4CE0-9B0E-8E0DDC9F5DAD}.Release|Any CPU.Build.0 = Release|Any CPU
	EndGlobalSection
	GlobalSection(SolutionProperties) = preSolution
		HideSolutionNode = FALSE
	EndGlobalSection
	GlobalSection(ExtensibilityGlobals) = postSolution
		SolutionGuid = {EEE4E818-8BCB-4593-8023-BE4555F11FC5}
	EndGlobalSection
EndGlobal
